
Microsoft Visual Studio Solution File, Format Version 12.00
# Visual Studio Version 16
VisualStudioVersion = 16.0.30114.105
MinimumVisualStudioVersion = 10.0.40219.1
Project("{2150E333-8FDC-42A3-9474-1A3956D46DE8}") = "src", "src", "{485673D0-7D8F-4B11-874D-050B83E90AB8}"
EndProject
Project("{FAE04EC0-301F-11D3-BF4B-00C04F79EFBC}") = "ClinicManagement.Api", "src\ClinicManagement.Api\ClinicManagement.Api.csproj", "{52A843E5-8A34-4F59-9BE5-F66C980E4EBF}"
EndProject
Global
	GlobalSection(SolutionConfigurationPlatforms) = preSolution
		Debug|Any CPU = Debug|Any CPU
		Release|Any CPU = Release|Any CPU
	EndGlobalSection
	GlobalSection(SolutionProperties) = preSolution
		HideSolutionNode = FALSE
	EndGlobalSection
	GlobalSection(ProjectConfigurationPlatforms) = postSolution
		{52A843E5-8A34-4F59-9BE5-F66C980E4EBF}.Debug|Any CPU.ActiveCfg = Debug|Any CPU
		{52A843E5-8A34-4F59-9BE5-F66C980E4EBF}.Debug|Any CPU.Build.0 = Debug|Any CPU
		{52A843E5-8A34-4F59-9BE5-F66C980E4EBF}.Release|Any CPU.ActiveCfg = Release|Any CPU
		{52A843E5-8A34-4F59-9BE5-F66C980E4EBF}.Release|Any CPU.Build.0 = Release|Any CPU
	EndGlobalSection
	GlobalSection(NestedProjects) = preSolution
		{52A843E5-8A34-4F59-9BE5-F66C980E4EBF} = {485673D0-7D8F-4B11-874D-050B83E90AB8}
	EndGlobalSection
EndGlobal
